schema: '2.0'
stages:
  packers:
    cmd: ./src/packers/packers.sh
    deps:
    - path: data/raw/
      hash: md5
      md5: 81efef785de58169abe55754f0e902e3.dir
      size: 1918835
      nfiles: 29
    - path: src/packers/
      hash: md5
      md5: 021efddc25a789d45a03e497ecd8a54f.dir
      size: 1625
      nfiles: 1
    outs:
    - path: data/packed/
      hash: md5
      md5: 069c01947093dafe39fe87577190001e.dir
      size: 1706510
      nfiles: 60
  crypters_tutorial:
    cmd: clang --target=i686-pc-windows-gnu ./src/crypters/tutorial/decrypter.c 
      -o ./src/crypters/tutorial/decrypter.exe  "-Wl,--entry=__start" 
      -nostartfiles -nostdlib -lkernel32 && python3 
      ./src/crypters/tutorial/crypter.py
    deps:
    - path: ./data/raw/exe/x86/
      hash: md5
      md5: ce6784c84e615c66c4e7afed79b2af7c.dir
      size: 875008
      nfiles: 15
    - path: ./src/crypters/tutorial/crypter.py
      hash: md5
      md5: e5f50925760e74dcf44e642c4bbc05b7
      size: 2890
      isexec: true
    - path: ./src/crypters/tutorial/decrypter.c
      hash: md5
      md5: 978a14a54b31ed1f1944d3b320defe35
      size: 9393
      isexec: true
    outs:
    - path: ./data/crypters/exe/x86/tutorial/
      hash: md5
      md5: b2f6e18f24f770980ac3971aa56c7dee.dir
      size: 996748
      nfiles: 15
  custom_ablation:
    cmd: ./src/custom/ablation/do_all_folders.sh
    deps:
    - path: ./data/crypters/exe/x86/tutorial/
      hash: md5
      md5: b2f6e18f24f770980ac3971aa56c7dee.dir
      size: 996748
      nfiles: 15
    - path: ./data/packed/exe/x86/mpress/
      hash: md5
      md5: 2a067a7626fd529cbcd8d8817c0b30ee.dir
      size: 399872
      nfiles: 15
    - path: ./data/packed/exe/x86/petite/
      hash: md5
      md5: cd4eb39745d8d58348f6b253ab22b7dd.dir
      size: 440334
      nfiles: 15
    - path: ./data/packed/exe/x86/upx/default/
      hash: md5
      md5: 689776625473ce8abea54bcb16fc9b96.dir
      size: 441856
      nfiles: 15
    - path: ./data/packed/exe/x86/upx/lzma/
      hash: md5
      md5: 5d2fd27e1bfc3aae1428a9c7b984222d.dir
      size: 424448
      nfiles: 15
    - path: ./src/custom/ablation/
      hash: md5
      md5: 1a3efa3c864974ec0097fddd0b9ade67.dir
      size: 45066
      nfiles: 7
    - path: ./src/custom/ablation/do_all_folders.sh
      hash: md5
      md5: d4df873fd37f9ee07bc4388a98416357
      size: 1062
      isexec: true
    outs:
    - path: data/custom/ablation/
      hash: md5
      md5: 6ef6f214274b794be3786260cf1e20ce.dir
      size: 140374896
      nfiles: 2640
  multiple_crypters_information_reveal:
    cmd: ./src/crypters/multiple_information_reveal/do_all.sh
    deps:
    - path: data/raw/exe/x86
      hash: md5
      md5: ce6784c84e615c66c4e7afed79b2af7c.dir
      size: 875008
      nfiles: 15
    - path: src/crypters/multiple_information_reveal
      hash: md5
      md5: d4d998e19ed5a06700dbdf475649065b.dir
      size: 337716
      nfiles: 33
    outs:
    - path: data/crypters/exe/x86/multiple_information_reveal/
      hash: md5
      md5: 70d775e2feace88f68c5d6f838e11db2.dir
      size: 18494019
      nfiles: 270
