schema: '2.0'
stages:
  packers:
    cmd: ./src/packers/packers.sh
    deps:
    - path: data/raw/
      hash: md5
      md5: e7c14df5bbd0f247d71e63f61b4c7b48.dir
      size: 1885184
      nfiles: 26
    - path: src/packers/
      hash: md5
      md5: 68f3e0becc14f2893e4fa4701da0fc8f.dir
      size: 1624
      nfiles: 1
    outs:
    - path: data/packed/
      hash: md5
      md5: ca4304a52904e86029ae6b27344df51f.dir
      size: 1706510
      nfiles: 60
