schema: '2.0'
stages:
  packers:
    cmd: ./src/packers/packers.sh
    deps:
    - path: data/raw/
      hash: md5
      md5: e7c14df5bbd0f247d71e63f61b4c7b48.dir
      size: 1885184
      nfiles: 26
    - path: src/packers/
      hash: md5
      md5: 021efddc25a789d45a03e497ecd8a54f.dir
      size: 1625
      nfiles: 1
    outs:
    - path: data/packed/
      hash: md5
      md5: 2e05f671f81d6b90e1f5ea89527dd288.dir
      size: 1706510
      nfiles: 60
  crypters_tutorial:
    cmd: clang --target=i686-pc-windows-gnu ./src/crypters/tutorial/decrypter.c 
      -o ./src/crypters/tutorial/decrypter.exe  "-Wl,--entry=__start" 
      -nostartfiles -nostdlib -lkernel32 && python3 
      ./src/crypters/tutorial/crypter.py
    deps:
    - path: ./data/raw/exe/x86/
      hash: md5
      md5: ce6784c84e615c66c4e7afed79b2af7c.dir
      size: 875008
      nfiles: 15
    - path: ./src/crypters/tutorial/crypter.py
      hash: md5
      md5: e5f50925760e74dcf44e642c4bbc05b7
      size: 2890
      isexec: true
    - path: ./src/crypters/tutorial/decrypter.c
      hash: md5
      md5: 978a14a54b31ed1f1944d3b320defe35
      size: 9393
      isexec: true
    outs:
    - path: ./data/crypters/exe/x86/tutorial/
      hash: md5
      md5: b2f6e18f24f770980ac3971aa56c7dee.dir
      size: 996748
      nfiles: 15
  custom_ablation:
    cmd: ./src/custom/ablation/do_all_folders.sh
    deps:
    - path: ./data/crypters/exe/x86/tutorial/
      hash: md5
      md5: b2f6e18f24f770980ac3971aa56c7dee.dir
      size: 996748
      nfiles: 15
    - path: ./data/packed/exe/x86/mpress/
      hash: md5
      md5: 2a067a7626fd529cbcd8d8817c0b30ee.dir
      size: 399872
      nfiles: 15
    - path: ./data/packed/exe/x86/petite/
      hash: md5
      md5: 4f6d440698c2f2f88cbe2b0dd2233f74.dir
      size: 440334
      nfiles: 15
    - path: ./data/packed/exe/x86/upx/default/
      hash: md5
      md5: 52565dfa4af78da5e9fcbaa4dcbb0dac.dir
      size: 441856
      nfiles: 15
    - path: ./data/packed/exe/x86/upx/lzma/
      hash: md5
      md5: 2b73ac6c3347942e7cd0fc7f7d826c3d.dir
      size: 424448
      nfiles: 15
    - path: ./src/custom/ablation/
      hash: md5
      md5: b9f2c40fb9cebdb84dcd70eeb36da372.dir
      size: 61232
      nfiles: 9
    - path: ./src/custom/ablation/do_all_folders.sh
      hash: md5
      md5: d4df873fd37f9ee07bc4388a98416357
      size: 1062
      isexec: true
    outs:
    - path: data/custom/ablation/
      hash: md5
      md5: 8f00cbe3441016cef63e0fdaea6dbfda.dir
      size: 140374896
      nfiles: 2640
